<?xml version="1.0" encoding="utf-8"?>
<Project ToolsVersion="4.0" xmlns="http://schemas.microsoft.com/developer/msbuild/2003">
  <ItemGroup>
    <Filter Include="Library">
      <UniqueIdentifier>{d5173dcf-2786-4f98-bd55-d03549637dfe}</UniqueIdentifier>
    </Filter>
    <Filter Include="Src">
      <UniqueIdentifier>{80d0a5a9-6779-4863-bede-cc22a4986dc5}</UniqueIdentifier>
    </Filter>
    <Filter Include="Src\Framework">
      <UniqueIdentifier>{f5928314-3ee2-4e39-abfa-d93aa9ee5891}</UniqueIdentifier>
    </Filter>
    <Filter Include="Src\Framework\Direct3D">
      <UniqueIdentifier>{f193abd5-e51c-466e-a937-722bc9175e9a}</UniqueIdentifier>
    </Filter>
    <Filter Include="Src\Framework\Utility">
      <UniqueIdentifier>{f5d733b1-5031-4659-a9d4-0dd3add1e5fb}</UniqueIdentifier>
    </Filter>
    <Filter Include="Src\Framework\Window">
      <UniqueIdentifier>{cb022f2a-c5a2-449b-9b70-5110aff8550f}</UniqueIdentifier>
    </Filter>
    <Filter Include="Library\tinygltf">
      <UniqueIdentifier>{307bfbcd-124f-4ad7-85f5-3fd94f814b1f}</UniqueIdentifier>
    </Filter>
    <Filter Include="Src\Framework\Shader">
      <UniqueIdentifier>{93543c0c-58fe-4a94-8279-7be3021b65b1}</UniqueIdentifier>
    </Filter>
    <Filter Include="Src\Framework\Shader\SpriteShader">
      <UniqueIdentifier>{2da4d471-f4e8-4b2d-bdef-b93f91523b8b}</UniqueIdentifier>
    </Filter>
    <Filter Include="Src\Application">
      <UniqueIdentifier>{d0d0f9cf-dabd-4346-bc9a-d9c04cf42372}</UniqueIdentifier>
    </Filter>
    <Filter Include="Src\Framework\Math">
      <UniqueIdentifier>{04f33e76-24f0-4a58-9355-5770b3f6f9c6}</UniqueIdentifier>
    </Filter>
    <Filter Include="Src\Framework\Audio">
      <UniqueIdentifier>{2a0de30f-d7e8-4517-a9a1-20de6e434592}</UniqueIdentifier>
    </Filter>
    <Filter Include="Src\Framework\Shader\PostProcessShader">
      <UniqueIdentifier>{bfef98c3-f0b2-41b1-b813-6f298072287b}</UniqueIdentifier>
    </Filter>
    <Filter Include="Src\Framework\GameObject">
      <UniqueIdentifier>{d45ba257-913b-44e3-a012-888d7b6f2b68}</UniqueIdentifier>
    </Filter>
    <Filter Include="Src\Framework\Input">
      <UniqueIdentifier>{9bd33b87-53db-4bc0-b98d-80db98f4ba9b}</UniqueIdentifier>
    </Filter>
    <Filter Include="Src\Framework\Direct3D\Polygon">
      <UniqueIdentifier>{b91bce2d-4487-485a-a855-b2bb6ce0d30b}</UniqueIdentifier>
    </Filter>
    <Filter Include="Src\Framework\Shader\StandardShader">
      <UniqueIdentifier>{857913be-4481-4606-9719-87518d4a6aeb}</UniqueIdentifier>
    </Filter>
    <Filter Include="Src\Framework\Effekseer">
      <UniqueIdentifier>{c81b93e4-2f33-496a-985e-98658f1cec51}</UniqueIdentifier>
    </Filter>
    <Filter Include="Library\imgui">
      <UniqueIdentifier>{9e2b992a-9c34-450b-a4cf-c4749feebcc6}</UniqueIdentifier>
    </Filter>
    <Filter Include="Src\Framework\Font">
      <UniqueIdentifier>{66aaa1ee-9cbd-4422-b7c2-7885620d808f}</UniqueIdentifier>
    </Filter>
    <Filter Include="Src\Framework\Utility\KdDebug">
      <UniqueIdentifier>{8998a2f9-9d4a-46aa-95ef-1d0c2545ca0d}</UniqueIdentifier>
    </Filter>
    <Filter Include="Src\Application\Scene">
      <UniqueIdentifier>{a572e10e-6690-4c7c-af7d-7dcf13d1ee2f}</UniqueIdentifier>
    </Filter>
    <Filter Include="Src\Application\Scene\BaseScene">
      <UniqueIdentifier>{7f2dd72a-1b1e-4fb4-b0cb-8ea5a69cd1b8}</UniqueIdentifier>
    </Filter>
    <Filter Include="Src\Application\Scene\GameScene">
      <UniqueIdentifier>{050f45dd-d558-4156-bcc6-0b010d3265c8}</UniqueIdentifier>
    </Filter>
    <Filter Include="Src\Application\Scene\TitleScene">
      <UniqueIdentifier>{6036b8f3-498e-401e-865a-f8632985b816}</UniqueIdentifier>
    </Filter>
    <Filter Include="Src\Application\GameObject">
      <UniqueIdentifier>{362e80f9-8c3b-4a87-9e83-f0e4b6d570f6}</UniqueIdentifier>
    </Filter>
    <Filter Include="Src\Application\GameObject\Camera">
      <UniqueIdentifier>{cedad702-e70f-4d1b-9fdc-88426f7f436b}</UniqueIdentifier>
    </Filter>
    <Filter Include="Src\Application\GameObject\Camera\TPSCamera">
      <UniqueIdentifier>{9627eb29-8018-4836-9747-bf807b6c4dfa}</UniqueIdentifier>
    </Filter>
    <Filter Include="Src\Application\GameObject\Camera\FPSCamera">
      <UniqueIdentifier>{cd662ee1-c913-4e31-addc-42ef89e2668c}</UniqueIdentifier>
    </Filter>
    <Filter Include="Src\Application\GameObject\Player">
      <UniqueIdentifier>{ab64f529-1a0b-4745-a776-91171f3c22a1}</UniqueIdentifier>
    </Filter>
    <Filter Include="Src\Application\GameObject\BaseObject">
      <UniqueIdentifier>{6ac7ed51-9de6-415e-bb3e-0550ad641c96}</UniqueIdentifier>
    </Filter>
    <Filter Include="Src\Application\GameObject\Stages">
      <UniqueIdentifier>{d196e47f-b7fd-4663-a0be-744308966463}</UniqueIdentifier>
    </Filter>
    <Filter Include="Src\Application\GameObject\Stages\Floor">
      <UniqueIdentifier>{f47b2cf3-843c-4308-852c-4542231b7ea5}</UniqueIdentifier>
    </Filter>
    <Filter Include="Src\Application\GameObject\UI">
      <UniqueIdentifier>{1c71f351-afaf-40e4-9326-baacea12143e}</UniqueIdentifier>
    </Filter>
    <Filter Include="Src\Application\GameObject\UI\PlayerUI">
      <UniqueIdentifier>{6d316474-daf6-4fde-88ed-8117fdb3104d}</UniqueIdentifier>
    </Filter>
    <Filter Include="Src\Application\GameObject\UI\PlayerUI\SkillGauge">
      <UniqueIdentifier>{bf9332a6-15cd-4078-a703-ad02a161d076}</UniqueIdentifier>
    </Filter>
    <Filter Include="Src\Application\GameObject\Enemy">
      <UniqueIdentifier>{2063cb49-915c-4314-9ed8-87ab98a0e2a3}</UniqueIdentifier>
    </Filter>
    <Filter Include="Src\Application\GameObject\Enemy\Enemy1">
      <UniqueIdentifier>{a645c699-ad09-4fef-8c56-2fc5400f6104}</UniqueIdentifier>
    </Filter>
    <Filter Include="Src\Application\GameObject\Enemy\EnemyState">
      <UniqueIdentifier>{07c4cc26-e738-4d66-86f8-4256334d916f}</UniqueIdentifier>
    </Filter>
    <Filter Include="Src\Application\GameObject\Player\PlayerState">
      <UniqueIdentifier>{42f8c96a-ad32-471f-ade5-58ff8371f9b3}</UniqueIdentifier>
    </Filter>
    <Filter Include="Src\Application\GameObject\Player\Player">
      <UniqueIdentifier>{dff606c7-7d81-4a4e-be0a-1ee5fb0d9a64}</UniqueIdentifier>
    </Filter>
    <Filter Include="Src\Application\GameData">
      <UniqueIdentifier>{2b81c0a2-52ad-4693-b176-ac34fb7305a4}</UniqueIdentifier>
    </Filter>
    <Filter Include="Src\Application\StateMachin">
      <UniqueIdentifier>{72b9f7b6-2da5-4bda-834d-7c7ea7fce4f9}</UniqueIdentifier>
    </Filter>
    <Filter Include="Src\Application\GameObject\UI\HPGauge">
      <UniqueIdentifier>{ac213dff-bc52-4f57-81e7-5d5d7c920699}</UniqueIdentifier>
    </Filter>
    <Filter Include="Src\Application\GameObject\Enemy\Enemy2">
      <UniqueIdentifier>{d254a9c7-e7ef-4a2f-859c-748bacc833a0}</UniqueIdentifier>
    </Filter>
    <Filter Include="Src\Application\GameObject\UI\GameClearBotton">
      <UniqueIdentifier>{6c0616f0-71e8-429b-88df-9b885781bb87}</UniqueIdentifier>
    </Filter>
    <Filter Include="Src\Application\GameObject\Boss">
      <UniqueIdentifier>{02a29566-582f-476c-8eb3-b1d33cbab3d5}</UniqueIdentifier>
    </Filter>
    <Filter Include="Src\Application\GameObject\Boss\BossState">
      <UniqueIdentifier>{cb8f4288-45c7-4726-9e96-3f5d03fbb585}</UniqueIdentifier>
    </Filter>
    <Filter Include="Src\Application\GameObject\Boss\Boss">
      <UniqueIdentifier>{bdd4d82b-e12c-4f02-83f1-2dbfda397139}</UniqueIdentifier>
    </Filter>
    <Filter Include="Src\Application\GameObject\UI\FontText">
      <UniqueIdentifier>{0b237cd9-980a-4257-8df1-0a878fa3ff56}</UniqueIdentifier>
    </Filter>
    <Filter Include="Src\Application\GameObject\Enemy\TutorialEnemy">
      <UniqueIdentifier>{77cf827f-492e-4fd2-8d2a-f39671f34628}</UniqueIdentifier>
    </Filter>
    <Filter Include="Src\Application\GameObject\UI\SettingUI">
      <UniqueIdentifier>{0becd84f-e773-42a4-a1a5-6dec30ee6788}</UniqueIdentifier>
    </Filter>
    <Filter Include="Src\Application\GameObject\UI\SettingUI\SettingAudio">
      <UniqueIdentifier>{927f02ed-8412-4cbb-aa9d-b8e30a1eeb54}</UniqueIdentifier>
    </Filter>
    <Filter Include="Src\Application\GameObject\UI\SettingUI\SettingAudio\BGMVolume">
      <UniqueIdentifier>{22a28559-c76b-4748-ae9a-5dfff965e332}</UniqueIdentifier>
    </Filter>
    <Filter Include="Src\Application\GameObject\UI\SettingUI\SettingAudio\SEVolume">
      <UniqueIdentifier>{9a756ff9-9ba4-4f3b-99d7-de8a80e41dab}</UniqueIdentifier>
    </Filter>
    <Filter Include="Src\Application\GameObject\UI\SettingUI\SettingDisplay">
      <UniqueIdentifier>{67ccedb0-4629-4316-8e29-0ed604d60607}</UniqueIdentifier>
    </Filter>
    <Filter Include="Src\Application\GameObject\UI\SettingUI\SettingControl">
      <UniqueIdentifier>{0e24f9cb-f737-43af-879d-46cf3ac76b27}</UniqueIdentifier>
    </Filter>
    <Filter Include="Src\Application\GameObject\Effect">
      <UniqueIdentifier>{22a09f82-ce9a-4910-95d0-9ce37e48ac3a}</UniqueIdentifier>
    </Filter>
    <Filter Include="Src\Application\GameObject\Effect\SwordTrail">
      <UniqueIdentifier>{d3712fc2-d446-4a5d-9752-4361b8015577}</UniqueIdentifier>
    </Filter>
    <Filter Include="Src\Application\GameObject\UI\TitleImage">
      <UniqueIdentifier>{14b6bbfd-7531-4cda-b000-e98de7a50920}</UniqueIdentifier>
    </Filter>
    <Filter Include="Src\Application\GameObject\Enemy\Enemy3">
      <UniqueIdentifier>{1595c2f0-b645-419e-a9f3-ec489e44bfd5}</UniqueIdentifier>
    </Filter>
    <Filter Include="Src\Application\GameObject\Enemy\Enemy4">
      <UniqueIdentifier>{2ff7bd76-2b40-4641-b6d9-fef9a4d0665b}</UniqueIdentifier>
    </Filter>
    <Filter Include="Src\Application\GameObject\Enemy\Enemy5">
      <UniqueIdentifier>{498d562d-d4ea-435e-8b71-73a1623555c6}</UniqueIdentifier>
    </Filter>
    <Filter Include="Src\Application\GameObject\UI\BattlePin">
      <UniqueIdentifier>{017df5c6-b2ef-47b7-a027-a987026862af}</UniqueIdentifier>
    </Filter>
  </ItemGroup>
  <ItemGroup>
    <ClInclude Include="src\Pch.h">
      <Filter>Src</Filter>
    </ClInclude>
    <ClInclude Include="..\Library\tinygltf\json.hpp">
      <Filter>Library\tinygltf</Filter>
    </ClInclude>
    <ClInclude Include="..\Library\tinygltf\stb_image.h">
      <Filter>Library\tinygltf</Filter>
    </ClInclude>
    <ClInclude Include="..\Library\tinygltf\stb_image_write.h">
      <Filter>Library\tinygltf</Filter>
    </ClInclude>
    <ClInclude Include="..\Library\tinygltf\tiny_gltf.h">
      <Filter>Library\tinygltf</Filter>
    </ClInclude>
    <ClInclude Include="Src\Application\main.h">
      <Filter>Src\Application</Filter>
    </ClInclude>
    <ClInclude Include="src\Framework\Direct3D\KdDirect3D.h">
      <Filter>Src\Framework\Direct3D</Filter>
    </ClInclude>
    <ClInclude Include="src\Framework\Direct3D\KdTexture.h">
      <Filter>Src\Framework\Direct3D</Filter>
    </ClInclude>
    <ClInclude Include="src\Framework\Direct3D\KdBuffer.h">
      <Filter>Src\Framework\Direct3D</Filter>
    </ClInclude>
    <ClInclude Include="Src\Framework\Direct3D\KdGLTFLoader.h">
      <Filter>Src\Framework\Direct3D</Filter>
    </ClInclude>
    <ClInclude Include="Src\Framework\Shader\KdShaderManager.h">
      <Filter>Src\Framework\Shader</Filter>
    </ClInclude>
    <ClInclude Include="Src\Framework\Shader\SpriteShader\KdSpriteShader.h">
      <Filter>Src\Framework\Shader\SpriteShader</Filter>
    </ClInclude>
    <ClInclude Include="src\Framework\Utility\KdUtility.h">
      <Filter>Src\Framework\Utility</Filter>
    </ClInclude>
    <ClInclude Include="src\Framework\KdFramework.h">
      <Filter>Src\Framework</Filter>
    </ClInclude>
    <ClInclude Include="..\Library\strconv.h">
      <Filter>Library</Filter>
    </ClInclude>
    <ClInclude Include="src\Framework\Window\KdWindow.h">
      <Filter>Src\Framework\Window</Filter>
    </ClInclude>
    <ClInclude Include="src\Framework\Direct3D\KdMesh.h">
      <Filter>Src\Framework\Direct3D</Filter>
    </ClInclude>
    <ClInclude Include="Src\Framework\Direct3D\KdModel.h">
      <Filter>Src\Framework\Direct3D</Filter>
    </ClInclude>
    <ClInclude Include="Src\Framework\Math\KdCollision.h">
      <Filter>Src\Framework\Math</Filter>
    </ClInclude>
    <ClInclude Include="Src\Framework\Math\KdAnimation.h">
      <Filter>Src\Framework\Math</Filter>
    </ClInclude>
    <ClInclude Include="Src\Framework\Audio\KdAudio.h">
      <Filter>Src\Framework\Audio</Filter>
    </ClInclude>
    <ClInclude Include="Src\Framework\Direct3D\KdCamera.h">
      <Filter>Src\Framework\Direct3D</Filter>
    </ClInclude>
    <ClInclude Include="Src\Framework\Shader\PostProcessShader\KdPostProcessShader.h">
      <Filter>Src\Framework\Shader\PostProcessShader</Filter>
    </ClInclude>
    <ClInclude Include="Src\Framework\Math\KdCollider.h">
      <Filter>Src\Framework\Math</Filter>
    </ClInclude>
    <ClInclude Include="Src\Framework\Math\KdEasing.h">
      <Filter>Src\Framework\Math</Filter>
    </ClInclude>
    <ClInclude Include="Src\Framework\GameObject\KdGameObject.h">
      <Filter>Src\Framework\GameObject</Filter>
    </ClInclude>
    <ClInclude Include="Src\Framework\GameObject\KdGameObjectFactory.h">
      <Filter>Src\Framework\GameObject</Filter>
    </ClInclude>
    <ClInclude Include="Src\Framework\Input\KdInput.h">
      <Filter>Src\Framework\Input</Filter>
    </ClInclude>
    <ClInclude Include="Src\Framework\Utility\KdCSVData.h">
      <Filter>Src\Framework\Utility</Filter>
    </ClInclude>
    <ClInclude Include="Src\Framework\Direct3D\Polygon\KdPolygon.h">
      <Filter>Src\Framework\Direct3D\Polygon</Filter>
    </ClInclude>
    <ClInclude Include="Src\Framework\Direct3D\Polygon\KdSquarePolygon.h">
      <Filter>Src\Framework\Direct3D\Polygon</Filter>
    </ClInclude>
    <ClInclude Include="Src\Framework\Direct3D\Polygon\KdTrailPolygon.h">
      <Filter>Src\Framework\Direct3D\Polygon</Filter>
    </ClInclude>
    <ClInclude Include="Src\Framework\Direct3D\KdMaterial.h">
      <Filter>Src\Framework\Direct3D</Filter>
    </ClInclude>
    <ClInclude Include="Src\Framework\Utility\KdDataStorage.h">
      <Filter>Src\Framework\Utility</Filter>
    </ClInclude>
    <ClInclude Include="Src\Framework\Shader\KdAmbientController.h">
      <Filter>Src\Framework\Shader</Filter>
    </ClInclude>
    <ClInclude Include="Src\Framework\Math\KdUVAnimation.h">
      <Filter>Src\Framework\Math</Filter>
    </ClInclude>
    <ClInclude Include="Src\Framework\Shader\KdRenderTargetChange.h">
      <Filter>Src\Framework\Shader</Filter>
    </ClInclude>
    <ClInclude Include="Src\Framework\Utility\KdFPSController.h">
      <Filter>Src\Framework\Utility</Filter>
    </ClInclude>
    <ClInclude Include="Src\Framework\Shader\StandardShader\KdStandardShader.h">
      <Filter>Src\Framework\Shader\StandardShader</Filter>
    </ClInclude>
    <ClInclude Include="Src\Framework\Effekseer\KdEffekseerManager.h">
      <Filter>Src\Framework\Effekseer</Filter>
    </ClInclude>
    <ClInclude Include="Src\Framework\Utility\KdRandom.h">
      <Filter>Src\Framework\Utility</Filter>
    </ClInclude>
    <ClInclude Include="..\Library\imgui\imconfig.h">
      <Filter>Library\imgui</Filter>
    </ClInclude>
    <ClInclude Include="..\Library\imgui\imgui.h">
      <Filter>Library\imgui</Filter>
    </ClInclude>
    <ClInclude Include="..\Library\imgui\imgui_impl_dx11.h">
      <Filter>Library\imgui</Filter>
    </ClInclude>
    <ClInclude Include="..\Library\imgui\imgui_impl_win32.h">
      <Filter>Library\imgui</Filter>
    </ClInclude>
    <ClInclude Include="..\Library\imgui\imgui_internal.h">
      <Filter>Library\imgui</Filter>
    </ClInclude>
    <ClInclude Include="..\Library\imgui\imgui_stdlib.h">
      <Filter>Library\imgui</Filter>
    </ClInclude>
    <ClInclude Include="..\Library\imgui\imstb_rectpack.h">
      <Filter>Library\imgui</Filter>
    </ClInclude>
    <ClInclude Include="..\Library\imgui\imstb_textedit.h">
      <Filter>Library\imgui</Filter>
    </ClInclude>
    <ClInclude Include="..\Library\imgui\imstb_truetype.h">
      <Filter>Library\imgui</Filter>
    </ClInclude>
    <ClInclude Include="..\Library\imgui\ja_glyph_ranges.h">
      <Filter>Library\imgui</Filter>
    </ClInclude>
    <ClInclude Include="Src\Framework\Font\KdFont.h">
      <Filter>Src\Framework\Font</Filter>
    </ClInclude>
    <ClInclude Include="Src\Framework\Utility\KdDebug\KdDebugGUI.h">
      <Filter>Src\Framework\Utility\KdDebug</Filter>
    </ClInclude>
    <ClInclude Include="Src\Framework\Utility\KdDebug\KdDebugWireFrame.h">
      <Filter>Src\Framework\Utility\KdDebug</Filter>
    </ClInclude>
    <ClInclude Include="Src\Application\Scene\SceneManager.h">
      <Filter>Src\Application\Scene</Filter>
    </ClInclude>
    <ClInclude Include="Src\Application\Scene\TitleScene\TitleScene.h">
      <Filter>Src\Application\Scene\TitleScene</Filter>
    </ClInclude>
    <ClInclude Include="Src\Application\Scene\GameScene\GameScene.h">
      <Filter>Src\Application\Scene\GameScene</Filter>
    </ClInclude>
    <ClInclude Include="Src\Application\Scene\BaseScene\BaseScene.h">
      <Filter>Src\Application\Scene\BaseScene</Filter>
    </ClInclude>
    <ClInclude Include="Src\Application\GameObject\Camera\CameraBase.h">
      <Filter>Src\Application\GameObject\Camera</Filter>
    </ClInclude>
    <ClInclude Include="Src\Application\GameObject\Camera\TPSCamera\TPSCamera.h">
      <Filter>Src\Application\GameObject\Camera\TPSCamera</Filter>
    </ClInclude>
    <ClInclude Include="Src\Application\GameObject\BaseObject\BaseObject.h">
      <Filter>Src\Application\GameObject\BaseObject</Filter>
    </ClInclude>
    <ClInclude Include="Src\Application\GameObject\Stages\Floor\Stage.h">
      <Filter>Src\Application\GameObject\Stages\Floor</Filter>
    </ClInclude>
    <ClInclude Include="Src\Application\GameObject\Camera\FPSCamera\FPSCamera.h">
      <Filter>Src\Application\GameObject\Camera\FPSCamera</Filter>
    </ClInclude>
    <ClInclude Include="Src\Application\GameObject\UI\PlaeyrUI\SkillGauge\SkillGauge.h">
      <Filter>Src\Application\GameObject\UI\PlayerUI\SkillGauge</Filter>
    </ClInclude>
    <ClInclude Include="Src\Application\GameObject\Enemy\EnemyBase.h">
      <Filter>Src\Application\GameObject\Enemy</Filter>
    </ClInclude>
    <ClInclude Include="Src\Application\GameObject\Enemy\EnemyState\EnemyState.h">
      <Filter>Src\Application\GameObject\Enemy\EnemyState</Filter>
    </ClInclude>
    <ClInclude Include="Src\Application\GameObject\Enemy\Enemy1\Enemy1.h">
      <Filter>Src\Application\GameObject\Enemy\Enemy1</Filter>
    </ClInclude>
    <ClInclude Include="Src\Application\GameObject\Player\PlayerState\PlayerState.h">
      <Filter>Src\Application\GameObject\Player\PlayerState</Filter>
    </ClInclude>
    <ClInclude Include="Src\Application\GameObject\Player\Player\Player.h">
      <Filter>Src\Application\GameObject\Player\Player</Filter>
    </ClInclude>
    <ClInclude Include="Src\Application\GameData\AnimationBank.h">
      <Filter>Src\Application\GameData</Filter>
    </ClInclude>
    <ClInclude Include="Src\Application\StateMachine\StateMachine.h">
      <Filter>Src\Application\StateMachin</Filter>
    </ClInclude>
    <ClInclude Include="Src\Application\GameObject\UI\HPGauge\HPGauge.h">
      <Filter>Src\Application\GameObject\UI\HPGauge</Filter>
    </ClInclude>
    <ClInclude Include="Src\Application\GameObject\Enemy\Enemy2\Enemy2.h">
      <Filter>Src\Application\GameObject\Enemy\Enemy2</Filter>
    </ClInclude>
    <ClInclude Include="Src\Application\GameObject\UI\GameClearBotton\GameClearButton.h">
      <Filter>Src\Application\GameObject\UI\GameClearBotton</Filter>
    </ClInclude>
    <ClInclude Include="Src\Application\GameObject\Boss\BossState\BossState.h">
      <Filter>Src\Application\GameObject\Boss\BossState</Filter>
    </ClInclude>
    <ClInclude Include="Src\Application\GameObject\Boss\Boss\Boss.h">
      <Filter>Src\Application\GameObject\Boss\Boss</Filter>
    </ClInclude>
    <ClInclude Include="Src\Application\GameObject\Boss\BossBase.h">
      <Filter>Src\Application\GameObject\Boss</Filter>
    </ClInclude>
    <ClInclude Include="Src\Application\GameObject\UI\FontText\FontText.h">
      <Filter>Src\Application\GameObject\UI\FontText</Filter>
    </ClInclude>
    <ClInclude Include="Src\Application\GameObject\Enemy\TutorialEnemy\TutorialEnemy.h">
      <Filter>Src\Application\GameObject\Enemy\TutorialEnemy</Filter>
    </ClInclude>
    <ClInclude Include="Src\Application\GameObject\UI\SettingUI\SettingUI.h">
      <Filter>Src\Application\GameObject\UI\SettingUI</Filter>
    </ClInclude>
    <ClInclude Include="Src\Application\GameObject\UI\SettingUI\SettingAudio\SettingAudio.h">
      <Filter>Src\Application\GameObject\UI\SettingUI\SettingAudio</Filter>
    </ClInclude>
    <ClInclude Include="Src\Application\GameObject\UI\SettingUI\SettingAudio\BGMVolume\BGMVolume.h">
      <Filter>Src\Application\GameObject\UI\SettingUI\SettingAudio\BGMVolume</Filter>
    </ClInclude>
    <ClInclude Include="Src\Application\GameObject\UI\SettingUI\SettingAudio\SEVolume\SEVolume.h">
      <Filter>Src\Application\GameObject\UI\SettingUI\SettingAudio\SEVolume</Filter>
    </ClInclude>
    <ClInclude Include="Src\Application\GameObject\Effect\SwordTrail\SwordTrail.h">
      <Filter>Src\Application\GameObject\Effect\SwordTrail</Filter>
    </ClInclude>
    <ClInclude Include="Src\Application\GameObject\UI\TitleImage\TitleImage.h">
      <Filter>Src\Application\GameObject\UI\TitleImage</Filter>
    </ClInclude>
    <ClInclude Include="Src\Application\GameObject\UI\SettingUI\SettingDisplay\SettingDisplay.h">
      <Filter>Src\Application\GameObject\UI\SettingUI\SettingDisplay</Filter>
    </ClInclude>
    <ClInclude Include="Src\Application\GameObject\Enemy\Enemy5\Enemy5.h">
      <Filter>Src\Application\GameObject\Enemy\Enemy5</Filter>
    </ClInclude>
    <ClInclude Include="Src\Application\GameObject\Enemy\Enemy4\Enemy4.h">
      <Filter>Src\Application\GameObject\Enemy\Enemy4</Filter>
    </ClInclude>
    <ClInclude Include="Src\Application\GameObject\Enemy\Enemy3\Enemy3.h">
      <Filter>Src\Application\GameObject\Enemy\Enemy3</Filter>
    </ClInclude>
    <ClInclude Include="Src\Application\GameObject\UI\BattolPin\BattlePin.h">
      <Filter>Src\Application\GameObject\UI\BattlePin</Filter>
    </ClInclude>
  </ItemGroup>
  <ItemGroup>
    <ClCompile Include="src\Pch.cpp">
      <Filter>Src</Filter>
    </ClCompile>
    <ClCompile Include="Src\Application\main.cpp">
      <Filter>Src\Application</Filter>
    </ClCompile>
    <ClCompile Include="src\Framework\Direct3D\KdDirect3D.cpp">
      <Filter>Src\Framework\Direct3D</Filter>
    </ClCompile>
    <ClCompile Include="src\Framework\Direct3D\KdTexture.cpp">
      <Filter>Src\Framework\Direct3D</Filter>
    </ClCompile>
    <ClCompile Include="src\Framework\Direct3D\KdBuffer.cpp">
      <Filter>Src\Framework\Direct3D</Filter>
    </ClCompile>
    <ClCompile Include="Src\Framework\Direct3D\KdGLTFLoader.cpp">
      <Filter>Src\Framework\Direct3D</Filter>
    </ClCompile>
    <ClCompile Include="Src\Framework\Shader\KdShaderManager.cpp">
      <Filter>Src\Framework\Shader</Filter>
    </ClCompile>
    <ClCompile Include="Src\Framework\Shader\SpriteShader\KdSpriteShader.cpp">
      <Filter>Src\Framework\Shader\SpriteShader</Filter>
    </ClCompile>
    <ClCompile Include="src\Framework\Window\KdWindow.cpp">
      <Filter>Src\Framework\Window</Filter>
    </ClCompile>
    <ClCompile Include="Src\Framework\Utility\KdUtility.cpp">
      <Filter>Src\Framework\Utility</Filter>
    </ClCompile>
    <ClCompile Include="src\Framework\Direct3D\KdMesh.cpp">
      <Filter>Src\Framework\Direct3D</Filter>
    </ClCompile>
    <ClCompile Include="Src\Framework\Direct3D\KdModel.cpp">
      <Filter>Src\Framework\Direct3D</Filter>
    </ClCompile>
    <ClCompile Include="Src\Framework\Math\KdCollision.cpp">
      <Filter>Src\Framework\Math</Filter>
    </ClCompile>
    <ClCompile Include="Src\Framework\Math\KdAnimation.cpp">
      <Filter>Src\Framework\Math</Filter>
    </ClCompile>
    <ClCompile Include="Src\Framework\Audio\KdAudio.cpp">
      <Filter>Src\Framework\Audio</Filter>
    </ClCompile>
    <ClCompile Include="Src\Framework\Direct3D\KdCamera.cpp">
      <Filter>Src\Framework\Direct3D</Filter>
    </ClCompile>
    <ClCompile Include="Src\Framework\Shader\PostProcessShader\KdPostProcessShader.cpp">
      <Filter>Src\Framework\Shader\PostProcessShader</Filter>
    </ClCompile>
    <ClCompile Include="Src\Framework\Math\KdCollider.cpp">
      <Filter>Src\Framework\Math</Filter>
    </ClCompile>
    <ClCompile Include="Src\Framework\Math\KdEasing.cpp">
      <Filter>Src\Framework\Math</Filter>
    </ClCompile>
    <ClCompile Include="Src\Framework\GameObject\KdGameObject.cpp">
      <Filter>Src\Framework\GameObject</Filter>
    </ClCompile>
    <ClCompile Include="Src\Framework\GameObject\KdGameObjectFactory.cpp">
      <Filter>Src\Framework\GameObject</Filter>
    </ClCompile>
    <ClCompile Include="Src\Framework\Input\KdInput.cpp">
      <Filter>Src\Framework\Input</Filter>
    </ClCompile>
    <ClCompile Include="Src\Framework\Utility\KdCSVData.cpp">
      <Filter>Src\Framework\Utility</Filter>
    </ClCompile>
    <ClCompile Include="Src\Framework\Direct3D\Polygon\KdSquarePolygon.cpp">
      <Filter>Src\Framework\Direct3D\Polygon</Filter>
    </ClCompile>
    <ClCompile Include="Src\Framework\Direct3D\Polygon\KdTrailPolygon.cpp">
      <Filter>Src\Framework\Direct3D\Polygon</Filter>
    </ClCompile>
    <ClCompile Include="Src\Framework\Direct3D\KdMaterial.cpp">
      <Filter>Src\Framework\Direct3D</Filter>
    </ClCompile>
    <ClCompile Include="Src\Framework\Direct3D\Polygon\KdPolygon.cpp">
      <Filter>Src\Framework\Direct3D\Polygon</Filter>
    </ClCompile>
    <ClCompile Include="Src\Framework\Shader\KdAmbientController.cpp">
      <Filter>Src\Framework\Shader</Filter>
    </ClCompile>
    <ClCompile Include="Src\Framework\Math\KdUVAnimation.cpp">
      <Filter>Src\Framework\Math</Filter>
    </ClCompile>
    <ClCompile Include="Src\Framework\Shader\KdRenderTargetChange.cpp">
      <Filter>Src\Framework\Shader</Filter>
    </ClCompile>
    <ClCompile Include="Src\Framework\Utility\KdFPSController.cpp">
      <Filter>Src\Framework\Utility</Filter>
    </ClCompile>
    <ClCompile Include="Src\Framework\Shader\StandardShader\KdStandardShader.cpp">
      <Filter>Src\Framework\Shader\StandardShader</Filter>
    </ClCompile>
    <ClCompile Include="Src\Framework\Effekseer\KdEffekseerManager.cpp">
      <Filter>Src\Framework\Effekseer</Filter>
    </ClCompile>
    <ClCompile Include="..\Library\imgui\imgui.cpp">
      <Filter>Library\imgui</Filter>
    </ClCompile>
    <ClCompile Include="..\Library\imgui\imgui_demo.cpp">
      <Filter>Library\imgui</Filter>
    </ClCompile>
    <ClCompile Include="..\Library\imgui\imgui_draw.cpp">
      <Filter>Library\imgui</Filter>
    </ClCompile>
    <ClCompile Include="..\Library\imgui\imgui_impl_dx11.cpp">
      <Filter>Library\imgui</Filter>
    </ClCompile>
    <ClCompile Include="..\Library\imgui\imgui_impl_win32.cpp">
      <Filter>Library\imgui</Filter>
    </ClCompile>
    <ClCompile Include="..\Library\imgui\imgui_stdlib.cpp">
      <Filter>Library\imgui</Filter>
    </ClCompile>
    <ClCompile Include="..\Library\imgui\imgui_tables.cpp">
      <Filter>Library\imgui</Filter>
    </ClCompile>
    <ClCompile Include="..\Library\imgui\imgui_widgets.cpp">
      <Filter>Library\imgui</Filter>
    </ClCompile>
    <ClCompile Include="Src\Framework\Font\KdFont.cpp">
      <Filter>Src\Framework\Font</Filter>
    </ClCompile>
    <ClCompile Include="Src\Framework\Utility\KdDebug\KdDebugGUI.cpp">
      <Filter>Src\Framework\Utility\KdDebug</Filter>
    </ClCompile>
    <ClCompile Include="Src\Framework\Utility\KdDebug\KdDebugWireFrame.cpp">
      <Filter>Src\Framework\Utility\KdDebug</Filter>
    </ClCompile>
    <ClCompile Include="Src\Application\Scene\SceneManager.cpp">
      <Filter>Src\Application\Scene</Filter>
    </ClCompile>
    <ClCompile Include="Src\Application\Scene\TitleScene\TitleScene.cpp">
      <Filter>Src\Application\Scene\TitleScene</Filter>
    </ClCompile>
    <ClCompile Include="Src\Application\Scene\GameScene\GameScene.cpp">
      <Filter>Src\Application\Scene\GameScene</Filter>
    </ClCompile>
    <ClCompile Include="Src\Application\Scene\BaseScene\BaseScene.cpp">
      <Filter>Src\Application\Scene\BaseScene</Filter>
    </ClCompile>
    <ClCompile Include="Src\Application\GameObject\Camera\CameraBase.cpp">
      <Filter>Src\Application\GameObject\Camera</Filter>
    </ClCompile>
    <ClCompile Include="Src\Application\GameObject\Camera\TPSCamera\TPSCamera.cpp">
      <Filter>Src\Application\GameObject\Camera\TPSCamera</Filter>
    </ClCompile>
    <ClCompile Include="Src\Application\GameObject\BaseObject\BaseObject.cpp">
      <Filter>Src\Application\GameObject\BaseObject</Filter>
    </ClCompile>
    <ClCompile Include="Src\Application\GameObject\Stages\Floor\Stage.cpp">
      <Filter>Src\Application\GameObject\Stages\Floor</Filter>
    </ClCompile>
    <ClCompile Include="Src\Application\GameObject\Camera\FPSCamera\FPSCamera.cpp">
      <Filter>Src\Application\GameObject\Camera\FPSCamera</Filter>
    </ClCompile>
    <ClCompile Include="Src\Application\GameObject\UI\PlaeyrUI\SkillGauge\SkillGauge.cpp">
      <Filter>Src\Application\GameObject\UI\PlayerUI\SkillGauge</Filter>
    </ClCompile>
    <ClCompile Include="Src\Application\GameObject\Enemy\EnemyBase.cpp">
      <Filter>Src\Application\GameObject\Enemy</Filter>
    </ClCompile>
    <ClCompile Include="Src\Application\GameObject\Enemy\EnemyState\EnemyState.cpp">
      <Filter>Src\Application\GameObject\Enemy\EnemyState</Filter>
    </ClCompile>
    <ClCompile Include="Src\Application\GameObject\Enemy\Enemy1\Enemy1.cpp">
      <Filter>Src\Application\GameObject\Enemy\Enemy1</Filter>
    </ClCompile>
    <ClCompile Include="Src\Application\GameObject\Player\PlayerState\PlayerState.cpp">
      <Filter>Src\Application\GameObject\Player\PlayerState</Filter>
    </ClCompile>
    <ClCompile Include="Src\Application\GameObject\Player\Player\Player.cpp">
      <Filter>Src\Application\GameObject\Player\Player</Filter>
    </ClCompile>
    <ClCompile Include="Src\Application\GameData\AnimationBank.cpp">
      <Filter>Src\Application\GameData</Filter>
    </ClCompile>
    <ClCompile Include="Src\Application\GameObject\UI\HPGauge\HPGauge.cpp">
      <Filter>Src\Application\GameObject\UI\HPGauge</Filter>
    </ClCompile>
    <ClCompile Include="Src\Application\GameObject\Enemy\Enemy2\Enemy2.cpp">
      <Filter>Src\Application\GameObject\Enemy\Enemy2</Filter>
    </ClCompile>
    <ClCompile Include="Src\Application\GameObject\UI\GameClearBotton\GameClearButton.cpp">
      <Filter>Src\Application\GameObject\UI\GameClearBotton</Filter>
    </ClCompile>
    <ClCompile Include="Src\Application\GameObject\Boss\BossState\BossState.cpp">
      <Filter>Src\Application\GameObject\Boss\BossState</Filter>
    </ClCompile>
    <ClCompile Include="Src\Application\GameObject\Boss\Boss\Boss.cpp">
      <Filter>Src\Application\GameObject\Boss\Boss</Filter>
    </ClCompile>
    <ClCompile Include="Src\Application\GameObject\Boss\BossBase.cpp">
      <Filter>Src\Application\GameObject\Boss</Filter>
    </ClCompile>
    <ClCompile Include="Src\Application\GameObject\UI\FontText\FontText.cpp">
      <Filter>Src\Application\GameObject\UI\FontText</Filter>
    </ClCompile>
    <ClCompile Include="Src\Application\GameObject\Enemy\TutorialEnemy\TutorialEnemy.cpp">
      <Filter>Src\Application\GameObject\Enemy\TutorialEnemy</Filter>
    </ClCompile>
    <ClCompile Include="Src\Application\GameObject\UI\SettingUI\SettingUI.cpp">
      <Filter>Src\Application\GameObject\UI\SettingUI</Filter>
    </ClCompile>
    <ClCompile Include="Src\Application\GameObject\UI\SettingUI\SettingAudio\SettingAudio.cpp">
      <Filter>Src\Application\GameObject\UI\SettingUI\SettingAudio</Filter>
    </ClCompile>
    <ClCompile Include="Src\Application\GameObject\UI\SettingUI\SettingAudio\BGMVolume\BGMVolume.cpp">
      <Filter>Src\Application\GameObject\UI\SettingUI\SettingAudio\BGMVolume</Filter>
    </ClCompile>
    <ClCompile Include="Src\Application\GameObject\UI\SettingUI\SettingAudio\SEVolume\SEVolume.cpp">
      <Filter>Src\Application\GameObject\UI\SettingUI\SettingAudio\SEVolume</Filter>
    </ClCompile>
    <ClCompile Include="Src\Application\GameObject\Effect\SwordTrail\SwordTrail.cpp">
      <Filter>Src\Application\GameObject\Effect\SwordTrail</Filter>
    </ClCompile>
    <ClCompile Include="Src\Application\GameObject\UI\TitleImage\TitleImage.cpp">
      <Filter>Src\Application\GameObject\UI\TitleImage</Filter>
    </ClCompile>
    <ClCompile Include="Src\Application\GameObject\UI\SettingUI\SettingDisplay\SettingDisplay.cpp">
      <Filter>Src\Application\GameObject\UI\SettingUI\SettingDisplay</Filter>
    </ClCompile>
    <ClCompile Include="Src\Application\GameObject\Enemy\Enemy5\Enemy5.cpp">
      <Filter>Src\Application\GameObject\Enemy\Enemy5</Filter>
    </ClCompile>
    <ClCompile Include="Src\Application\GameObject\Enemy\Enemy4\Enemy4.cpp">
      <Filter>Src\Application\GameObject\Enemy\Enemy4</Filter>
    </ClCompile>
    <ClCompile Include="Src\Application\GameObject\Enemy\Enemy3\Enemy3.cpp">
      <Filter>Src\Application\GameObject\Enemy\Enemy3</Filter>
    </ClCompile>
    <ClCompile Include="Src\Application\GameObject\UI\BattolPin\BattlePin.cpp">
      <Filter>Src\Application\GameObject\UI\BattlePin</Filter>
    </ClCompile>
  </ItemGroup>
  <ItemGroup>
    <None Include="Src\Framework\Shader\inc_KdCommon.hlsli">
      <Filter>Src\Framework\Shader</Filter>
    </None>
    <None Include="Src\Framework\Shader\SpriteShader\inc_KdSpriteShader.hlsli">
      <Filter>Src\Framework\Shader\SpriteShader</Filter>
    </None>
    <None Include="Src\Framework\Shader\PostProcessShader\inc_KdPostProcessShader.hlsli">
      <Filter>Src\Framework\Shader\PostProcessShader</Filter>
    </None>
    <None Include="Src\Framework\Shader\StandardShader\inc_KdStandardShader.hlsli">
      <Filter>Src\Framework\Shader\StandardShader</Filter>
    </None>
  </ItemGroup>
  <ItemGroup>
    <FxCompile Include="Src\Framework\Shader\SpriteShader\KdSpriteShader_PS.hlsl">
      <Filter>Src\Framework\Shader\SpriteShader</Filter>
    </FxCompile>
    <FxCompile Include="Src\Framework\Shader\SpriteShader\KdSpriteShader_VS.hlsl">
      <Filter>Src\Framework\Shader\SpriteShader</Filter>
    </FxCompile>
    <FxCompile Include="Src\Framework\Shader\PostProcessShader\KdPostProcessShader_PS_Blur.hlsl">
      <Filter>Src\Framework\Shader\PostProcessShader</Filter>
    </FxCompile>
    <FxCompile Include="Src\Framework\Shader\PostProcessShader\KdPostProcessShader_VS.hlsl">
      <Filter>Src\Framework\Shader\PostProcessShader</Filter>
    </FxCompile>
    <FxCompile Include="Src\Framework\Shader\PostProcessShader\KdPostProcessShader_PS_DoF.hlsl">
      <Filter>Src\Framework\Shader\PostProcessShader</Filter>
    </FxCompile>
    <FxCompile Include="Src\Framework\Shader\PostProcessShader\KdPostProcessShader_PS_Bright.hlsl">
      <Filter>Src\Framework\Shader\PostProcessShader</Filter>
    </FxCompile>
    <FxCompile Include="Src\Framework\Shader\StandardShader\KdStandardShader_PS_GenDepthMapFromLight.hlsl">
      <Filter>Src\Framework\Shader\StandardShader</Filter>
    </FxCompile>
    <FxCompile Include="Src\Framework\Shader\StandardShader\KdStandardShader_PS_Lit.hlsl">
      <Filter>Src\Framework\Shader\StandardShader</Filter>
    </FxCompile>
    <FxCompile Include="Src\Framework\Shader\StandardShader\KdStandardShader_PS_UnLit.hlsl">
      <Filter>Src\Framework\Shader\StandardShader</Filter>
    </FxCompile>
    <FxCompile Include="Src\Framework\Shader\StandardShader\KdStandardShader_VS_GenDepthMapFromLight.hlsl">
      <Filter>Src\Framework\Shader\StandardShader</Filter>
    </FxCompile>
    <FxCompile Include="Src\Framework\Shader\StandardShader\KdStandardShader_VS_Lit.hlsl">
      <Filter>Src\Framework\Shader\StandardShader</Filter>
    </FxCompile>
    <FxCompile Include="Src\Framework\Shader\StandardShader\KdStandardShader_VS_UnLit.hlsl">
      <Filter>Src\Framework\Shader\StandardShader</Filter>
    </FxCompile>
  </ItemGroup>
</Project>